{
  "version": "2",
  "remote": {
    "https://deno.land/x/upstash_redis@v1.3.2/mod.ts": "7e74ce7d7870f6fe8597ae31dee49ab4dd03514b579dc7a93fc306972d67a152",
    "https://deno.land/x/upstash_redis@v1.3.2/pkg/commands/append.ts": "00297f2431eb5f0e65f3afde5760bb972e89bc7ee69636435c24ae1f18c05b56",
    "https://deno.land/x/upstash_redis@v1.3.2/pkg/commands/bitcount.ts": "261c79e76e26dbbcd1fdafb50ddb46a0cdaeb8aee2b1994fd8eac67f01795a12",
    "https://deno.land/x/upstash_redis@v1.3.2/pkg/commands/bitop.ts": "a862ffdf5991ab5a4a3faca27fe945f032d4edc87820762c3dac5101f21b786d",
    "https://deno.land/x/upstash_redis@v1.3.2/pkg/commands/bitpos.ts": "0558a50da3c0166f965c8b9af76c5ed621c2750d659d3d45a343d8f25aaf3385",
    "https://deno.land/x/upstash_redis@v1.3.2/pkg/commands/command.ts": "e23025d685417e578be667404b07197ddfae34e83d869210aec0cbd2c30c0f60",
    "https://deno.land/x/upstash_redis@v1.3.2/pkg/commands/dbsize.ts": "5a6409824a249d25b71a36f18e2946b8c04e5f357a556a81f183da3030531526",
    "https://deno.land/x/upstash_redis@v1.3.2/pkg/commands/decr.ts": "e6b4ce755743a69ce311d08fa6f99ff3110d75719dcc93d049daa91d1f12b3cc",
    "https://deno.land/x/upstash_redis@v1.3.2/pkg/commands/decrby.ts": "3e44a984a8b33081f9423fa24ca6a19ddb79cc58b94947107eea968d51a85344",
    "https://deno.land/x/upstash_redis@v1.3.2/pkg/commands/del.ts": "681946dca62d6082e411436fad9f77bcd2568ce2c93ede35c10435791b0626c8",
    "https://deno.land/x/upstash_redis@v1.3.2/pkg/commands/echo.ts": "de32309d4296ee8fd8a84e0d580494ae9ccabba59743eefe9e08096538043609",
    "https://deno.land/x/upstash_redis@v1.3.2/pkg/commands/eval.ts": "fdbdcbeccaa40f675ce497d003556981e444b43b814d2dd11fc8d5b419670b72",
    "https://deno.land/x/upstash_redis@v1.3.2/pkg/commands/evalsha.ts": "14aa2a13853a0533bc2180345b1bfe0acd8f38c29dead31da7d87fd6ce2f7820",
    "https://deno.land/x/upstash_redis@v1.3.2/pkg/commands/exists.ts": "8e820261a7e3a4069a39e2bab20b76ca10802101a286e16d80789cfe7be75da7",
    "https://deno.land/x/upstash_redis@v1.3.2/pkg/commands/expire.ts": "b6f3dda4d057316688acbff95f692d757ceff8fb1a3e4178defa1d5f26193137",
    "https://deno.land/x/upstash_redis@v1.3.2/pkg/commands/expireat.ts": "43596bc4d2caf220caafcd2170915bcab5030767f6a5af7d3f38f4ba83872391",
    "https://deno.land/x/upstash_redis@v1.3.2/pkg/commands/flushall.ts": "1092ffc17bac433b7428a4c87271bf63bc685ae70657e039c2016015b5ce6b57",
    "https://deno.land/x/upstash_redis@v1.3.2/pkg/commands/flushdb.ts": "74054ebf5f48c54344f242aaf2c490450e1ad7725fe4924726e7de996b70161d",
    "https://deno.land/x/upstash_redis@v1.3.2/pkg/commands/get.ts": "8e858cc8f551ec44770b3ac4f4b8dda24d939a151557669b3ac514645d47f1eb",
    "https://deno.land/x/upstash_redis@v1.3.2/pkg/commands/getbit.ts": "e9da29ee94c43bf9a30db4bf254cf03061268c79cbf114414acf8a9a5c4940a6",
    "https://deno.land/x/upstash_redis@v1.3.2/pkg/commands/getrange.ts": "e1b4b139fa180268320a130ad5893b0eac1cedbabcce2eff66172530eccb6e7b",
    "https://deno.land/x/upstash_redis@v1.3.2/pkg/commands/getset.ts": "624d313331d1d0cdff636c7865da38ae4dbe717b1613d5af992d59a582e42c6f",
    "https://deno.land/x/upstash_redis@v1.3.2/pkg/commands/hdel.ts": "75f845d108128e3e24ff796e034a9f79f906bff2c6d6936b262478d31d32e8bd",
    "https://deno.land/x/upstash_redis@v1.3.2/pkg/commands/hexists.ts": "922890879d82b18d9d525c18d10cd98e85d6b2d23a414fbf0513bbb9c0dafafd",
    "https://deno.land/x/upstash_redis@v1.3.2/pkg/commands/hget.ts": "17eb3183b426d8559f8b5fc6c292488332d4a8a3988865c4cca24df2c10791e6",
    "https://deno.land/x/upstash_redis@v1.3.2/pkg/commands/hgetall.ts": "3c548de528d6e38ddd5937d39006c2560c129f4cab5d8941efb9d9db0627d19c",
    "https://deno.land/x/upstash_redis@v1.3.2/pkg/commands/hincrby.ts": "aa08b4ba8c2db2516cfcdf169dbf2f3c8edc902d6311894e16fa7f095b9821ac",
    "https://deno.land/x/upstash_redis@v1.3.2/pkg/commands/hincrbyfloat.ts": "1f8d765eb94e0ec76b3d8b39b5bc77410a4186b7546987b64f9037c0c1b03e26",
    "https://deno.land/x/upstash_redis@v1.3.2/pkg/commands/hkeys.ts": "1268dffbd16bf82d94fb1f05ea1ef443a9487d0d21423e314b0412b891d47299",
    "https://deno.land/x/upstash_redis@v1.3.2/pkg/commands/hlen.ts": "67e1bc161b97656ebcc423a7c4732b07ca93c301eb14cd9dd4c3c2ec600a269c",
    "https://deno.land/x/upstash_redis@v1.3.2/pkg/commands/hmget.ts": "180683b534fd8f102b429b409c43e27fcfe07eac3ef6cb9b993236c0d64325ee",
    "https://deno.land/x/upstash_redis@v1.3.2/pkg/commands/hmset.ts": "31525edcefce480bb0e5ae3638ade0094eb79e7cbf31b9d489051dd74395759c",
    "https://deno.land/x/upstash_redis@v1.3.2/pkg/commands/hscan.ts": "59588eca3a6b12729064c1b6b3730b5e7362ee3e2c7fd9b31536913f3df277c9",
    "https://deno.land/x/upstash_redis@v1.3.2/pkg/commands/hset.ts": "708a624d8c25fe52b96e7b2e68dd0a4be4859cc0056a5f7e280375a77d8f9f7c",
    "https://deno.land/x/upstash_redis@v1.3.2/pkg/commands/hsetnx.ts": "da9d00251053456e700a3eaaeb26b925666b9d16156e908711a4836068b64171",
    "https://deno.land/x/upstash_redis@v1.3.2/pkg/commands/hstrlen.ts": "70d7a4aa1b2d91dae503d700af34fa707a1f9b0005e07314d26b143c226f7759",
    "https://deno.land/x/upstash_redis@v1.3.2/pkg/commands/hvals.ts": "98ae3e0bec80d17764e72bec6aa43948dff7d5043074329035d799d4a0871870",
    "https://deno.land/x/upstash_redis@v1.3.2/pkg/commands/incr.ts": "e381bd891cc7d7775cb513259b9bacf48d1fed2ba2b52f8dd34786f0ef3a5247",
    "https://deno.land/x/upstash_redis@v1.3.2/pkg/commands/incrby.ts": "653c40bae955c0607ea901e4900d6ffc6fa7e5c51d2008c9cd925222bea5e615",
    "https://deno.land/x/upstash_redis@v1.3.2/pkg/commands/incrbyfloat.ts": "07fb16665dd96e92d36078140b345b3b6ad422da3d0e6cde02295f62b1482994",
    "https://deno.land/x/upstash_redis@v1.3.2/pkg/commands/keys.ts": "311802ac12e9a537525e08e4609541ff588a6f266f32691008ae315b7ca440d3",
    "https://deno.land/x/upstash_redis@v1.3.2/pkg/commands/lindex.ts": "f9032a472c906e1ad626a782838d2e5e7531c2a92872ff7088ad7e0d32ca68fc",
    "https://deno.land/x/upstash_redis@v1.3.2/pkg/commands/linsert.ts": "a32f91689edd57e8fb8334529c67f2e2ef21b6164f53580e7a1abdaa956f9d28",
    "https://deno.land/x/upstash_redis@v1.3.2/pkg/commands/llen.ts": "195dc5bfd255ff745ad22ee408acc0e74e6863226ca74b059bc582913125a49f",
    "https://deno.land/x/upstash_redis@v1.3.2/pkg/commands/lpop.ts": "1be642cda8880f70e5dacc261c063ab39134bde3ef2a8dfb9c11434fc1dcfbcf",
    "https://deno.land/x/upstash_redis@v1.3.2/pkg/commands/lpush.ts": "2f8cd78c95afbc34a6b327699e31e24ab596c3107d4b7c80da92a92ec367c806",
    "https://deno.land/x/upstash_redis@v1.3.2/pkg/commands/lpushx.ts": "24aab8abb6429b637fdc8430c40d4775767fca28275931b0b977048b8fdcef37",
    "https://deno.land/x/upstash_redis@v1.3.2/pkg/commands/lrange.ts": "f7187eb292c4a053b860740afdfba60ba45ef085c1b332128b2bc169bacf9280",
    "https://deno.land/x/upstash_redis@v1.3.2/pkg/commands/lrem.ts": "c57d8a53753e529ea025d99806756b0d75a540286cc60762e546e67f551a39b2",
    "https://deno.land/x/upstash_redis@v1.3.2/pkg/commands/lset.ts": "8f95c2900ec968c9fba81af12fc954c36f8494a7d3e8e49ce04dde684b28da8d",
    "https://deno.land/x/upstash_redis@v1.3.2/pkg/commands/ltrim.ts": "099daa22fd28609c3733e6fcfec5b37c707936d3acf4742ec75f19b2c118027a",
    "https://deno.land/x/upstash_redis@v1.3.2/pkg/commands/mget.ts": "8d4bccbc444bcd297d9348861b98accf6b0e7dafa42fcca75fa8175c3699c4ef",
    "https://deno.land/x/upstash_redis@v1.3.2/pkg/commands/mod.ts": "db64f147d39de92497230e2b7ef8730977a3f80198de1212f07aadc72af0fe85",
    "https://deno.land/x/upstash_redis@v1.3.2/pkg/commands/mset.ts": "0c59299a50d3328393c49470a609775023d937ef83845e27b7b0dc16e83f5e0e",
    "https://deno.land/x/upstash_redis@v1.3.2/pkg/commands/msetnx.ts": "6f2f3214cf5545d3b9c1930ab290234945b6ae9ee8ea4311427c1992ca87c644",
    "https://deno.land/x/upstash_redis@v1.3.2/pkg/commands/persist.ts": "6c75d38d50603d3e239419c6c6e951a6f1aed73c17acc88aaddefa2b3ebc779d",
    "https://deno.land/x/upstash_redis@v1.3.2/pkg/commands/pexpire.ts": "f2c2aa4190027da73d5dfe4d7be5945510567d449976f6dc0ecc756cbdd8d27f",
    "https://deno.land/x/upstash_redis@v1.3.2/pkg/commands/pexpireat.ts": "dc0c9a6b478ea45bf6b2b0552d72a803922ae8ee0989b21887a73ba34c9eabe4",
    "https://deno.land/x/upstash_redis@v1.3.2/pkg/commands/ping.ts": "94557e6cd1c91289873578d739ce7416f34e49f0bfab2cef280730a92f447463",
    "https://deno.land/x/upstash_redis@v1.3.2/pkg/commands/psetex.ts": "dec4cf3191fd9d0d1bdbe5e18117298cb31df7382b274630628c5c9aaaa62826",
    "https://deno.land/x/upstash_redis@v1.3.2/pkg/commands/pttl.ts": "cb0a7fc9ffa0a36f9db4b4c77ffb64233122a607078925db773a01e7a0f8edc6",
    "https://deno.land/x/upstash_redis@v1.3.2/pkg/commands/publish.ts": "f5ccfca38c539d75f7af2c9bcab26cb92674f2e16e9f6c654b2e83a6feea11fd",
    "https://deno.land/x/upstash_redis@v1.3.2/pkg/commands/randomkey.ts": "bcd22cd06b6106ecc83e7f2d85f4aa18ca47f01d7645da32ef53d742bb32dcd0",
    "https://deno.land/x/upstash_redis@v1.3.2/pkg/commands/rename.ts": "dd8a83fbbe0f37b1a0eb7237a013dd267dd5d460110b15526528b688f67cacf0",
    "https://deno.land/x/upstash_redis@v1.3.2/pkg/commands/renamenx.ts": "fad3579d9da67f610ac45c16e1d6e475731a6a1cde32682e4001b3483b58c337",
    "https://deno.land/x/upstash_redis@v1.3.2/pkg/commands/rpop.ts": "b00f918ce17a08ebb948dec2684eb1a37a99e28d63b2fbd3c9406a1f444f8679",
    "https://deno.land/x/upstash_redis@v1.3.2/pkg/commands/rpush.ts": "36e7d1cd83cfb4db2ef7765e9c694f3bf000371a6c8da48aa1df3f87064d357f",
    "https://deno.land/x/upstash_redis@v1.3.2/pkg/commands/rpushx.ts": "d46a4ae73c6b81d038fb298cde00379e937a27b756561bcb03a11c6e603687a2",
    "https://deno.land/x/upstash_redis@v1.3.2/pkg/commands/sadd.ts": "39b0124cd7b1cf5341d9dd46d1951782632b97f370f0cd32cd9dcafafec86028",
    "https://deno.land/x/upstash_redis@v1.3.2/pkg/commands/scan.ts": "3fddb095a849c26255149892b3f5fee16af81fe094015a10e5fb00b7853a727d",
    "https://deno.land/x/upstash_redis@v1.3.2/pkg/commands/scard.ts": "06841d659c5b973062990da71865b12f24580c6dfa0e79986e6c4ca87f75a5c3",
    "https://deno.land/x/upstash_redis@v1.3.2/pkg/commands/script_exists.ts": "10fc09a269e1b7686e91702e60f94194a4916a9acaa7dc5c00eb64b36ba61c31",
    "https://deno.land/x/upstash_redis@v1.3.2/pkg/commands/script_flush.ts": "61070509b2bff1d237c78747e31d9427e6c66b6be2b4667ff18afde6a99e6078",
    "https://deno.land/x/upstash_redis@v1.3.2/pkg/commands/script_load.ts": "66219d9653b899527a7e198f9646b43b17b118f13685b9f6a34a7caa5cafefc5",
    "https://deno.land/x/upstash_redis@v1.3.2/pkg/commands/sdiff.ts": "74845f5a91a4354c8872384939fff898f0cbaf143b482e9d1fd33894a5f5f731",
    "https://deno.land/x/upstash_redis@v1.3.2/pkg/commands/sdiffstore.ts": "6bd6a32f0e1aac34b1b881d5b7348fac4df616c1cccda7b8f26bd6eaf541c0c7",
    "https://deno.land/x/upstash_redis@v1.3.2/pkg/commands/set.ts": "cc0a18fff9845891ff6bd8a67554cece05e6af1d45ba4f26196598fd0183b87d",
    "https://deno.land/x/upstash_redis@v1.3.2/pkg/commands/setbit.ts": "57b5a878b6fe232c1613295759578c79c446154db33834887e9d4eaf99bcc1f2",
    "https://deno.land/x/upstash_redis@v1.3.2/pkg/commands/setex.ts": "d8e1156c293d71a6c3266a159052c09178bac75e9008fc3dc7d38834c740b661",
    "https://deno.land/x/upstash_redis@v1.3.2/pkg/commands/setnx.ts": "92df0c0f618caa1ad68da7cf48b0dac239ad1917846f03742bb64b88d640ebd6",
    "https://deno.land/x/upstash_redis@v1.3.2/pkg/commands/setrange.ts": "41c1b958b3e171d1e2ccb8cdf6c4a75c7177919b89071e547c2b4d3663ad2246",
    "https://deno.land/x/upstash_redis@v1.3.2/pkg/commands/sinter.ts": "ed40b68b0715d2c59d6e79fe96c67f062f948ba4b2d53bb3e0df1569bff57782",
    "https://deno.land/x/upstash_redis@v1.3.2/pkg/commands/sinterstore.ts": "9efa00c2f1bd0a4d092237ad88b75fe3244c3c37406e166a29806fc56e65e343",
    "https://deno.land/x/upstash_redis@v1.3.2/pkg/commands/sismember.ts": "f5e0c7aab81380afb2c37d0bb013d2079965e52f81d51db7317ae7fbab2ed5dc",
    "https://deno.land/x/upstash_redis@v1.3.2/pkg/commands/smembers.ts": "11cd1a6cb7a3f7873452eacaffc020c4618eb91d97377175b910984c425433d7",
    "https://deno.land/x/upstash_redis@v1.3.2/pkg/commands/smove.ts": "41dddc76fa50f770590e3b030e0edd7f4faf895e60c2c4ef365c70da1c13b446",
    "https://deno.land/x/upstash_redis@v1.3.2/pkg/commands/spop.ts": "67e5aa10587eadca3a5527692e3fbe6b259ab55911dc9e508e6bb296d0448979",
    "https://deno.land/x/upstash_redis@v1.3.2/pkg/commands/srandmember.ts": "5336bc78b5accec4e4761156554c30e0aa9ac9f54ac886a41ecf239cd85aeb94",
    "https://deno.land/x/upstash_redis@v1.3.2/pkg/commands/srem.ts": "0a0017639b082071cc8541fa438271fd47963b1849ef3442d241b4cc1f8caf1a",
    "https://deno.land/x/upstash_redis@v1.3.2/pkg/commands/sscan.ts": "871cdd920210090d7f0fdb6b55eab1da03f4e3c1648a672e69c8b633a3cf4966",
    "https://deno.land/x/upstash_redis@v1.3.2/pkg/commands/strlen.ts": "47e11e449d834a235faac4fdcc3341fa0a4e849c64083ea02cc7d9e5428fbae3",
    "https://deno.land/x/upstash_redis@v1.3.2/pkg/commands/sunion.ts": "61e6d7b6c5c253754a4e1f504a133669fa98fd687d3bc014264fe8f881a20c2f",
    "https://deno.land/x/upstash_redis@v1.3.2/pkg/commands/sunionstore.ts": "72c8afd47e735d4c7d73373d90afbb78fa3ba2ff57b1617c918b96ac52a875f8",
    "https://deno.land/x/upstash_redis@v1.3.2/pkg/commands/time.ts": "eff29dbf514e93470d50c3bfd40333e819f877d2f6d5f346815d6f0f41b8cd65",
    "https://deno.land/x/upstash_redis@v1.3.2/pkg/commands/touch.ts": "3e6164d8fe41e84b84ddf8837ffaac1bed0f09382f0a5d9b47bb8133986ce227",
    "https://deno.land/x/upstash_redis@v1.3.2/pkg/commands/ttl.ts": "1e3dd8019665fa899651e43492be68dda01bdc7af7a2f1fbcd43946155432bca",
    "https://deno.land/x/upstash_redis@v1.3.2/pkg/commands/type.ts": "6ec29f9fbdf73662470f6d1eb0406ad507c95dc148c531b415af396b93279c19",
    "https://deno.land/x/upstash_redis@v1.3.2/pkg/commands/unlink.ts": "0c157c9f44074459001ef7be6843d5f7ba6f63f9ffeb5cf8aa444a16f93537e4",
    "https://deno.land/x/upstash_redis@v1.3.2/pkg/commands/zadd.ts": "6ce8c0b8cb6c799d7839686a579fddc0c1e3bb6581b381ede008ceb0df10de99",
    "https://deno.land/x/upstash_redis@v1.3.2/pkg/commands/zcard.ts": "8bd2f3aa62e180093639537cfb13e37424278d0a12e01f6ede1e320abd033a6f",
    "https://deno.land/x/upstash_redis@v1.3.2/pkg/commands/zcount.ts": "2f203191579bbb815567d074f7780100732872e1396342ec23b8c77af208ac59",
    "https://deno.land/x/upstash_redis@v1.3.2/pkg/commands/zincrby.ts": "d1069e2ecd078de07e121a3b32cf11c6a2f3ed2558f1c4d4e953192e22be3140",
    "https://deno.land/x/upstash_redis@v1.3.2/pkg/commands/zinterstore.ts": "02996f9fbf6f55f87448f9d78a00df28b6161061be1582eb46c45cde440cf8aa",
    "https://deno.land/x/upstash_redis@v1.3.2/pkg/commands/zlexcount.ts": "abd74d3d614e07793b469f0d2b77f6ccb825f304964de628ae38b4b46d7dbafd",
    "https://deno.land/x/upstash_redis@v1.3.2/pkg/commands/zpopmax.ts": "ad7c1332b6fd81c5abd6cc8651534b978b52428e2f243fc3559c99ba9c852f81",
    "https://deno.land/x/upstash_redis@v1.3.2/pkg/commands/zpopmin.ts": "0307ae5e5ae6426b3b7b845d2299017795475b4f36fe45addcf2e57f9670a934",
    "https://deno.land/x/upstash_redis@v1.3.2/pkg/commands/zrange.ts": "c1bed729c39459c8bc82d7c9735ac4ba6a5bda105316f499b2542a7ed5d18e94",
    "https://deno.land/x/upstash_redis@v1.3.2/pkg/commands/zrank.ts": "baded66103706922de3a48d8f0f661fb33e969b9082b40fba3d337fe0477e753",
    "https://deno.land/x/upstash_redis@v1.3.2/pkg/commands/zrem.ts": "4211578b7aceae2cd125edee2bbb981b32089d33e9885f55697e09360cb07406",
    "https://deno.land/x/upstash_redis@v1.3.2/pkg/commands/zremrangebylex.ts": "7d781df2fd67d4c9e4f2e4455a523599a62a4f02fab2b5c00539eec2e1e2f244",
    "https://deno.land/x/upstash_redis@v1.3.2/pkg/commands/zremrangebyrank.ts": "dc488734a3b073bd092337bd11a0713b5fcf66b8bb53b2fa434466790d64efa2",
    "https://deno.land/x/upstash_redis@v1.3.2/pkg/commands/zremrangebyscore.ts": "8986df40af1f45fd78cede4d8e8b85afadb0db44a45fd8bd9532c3954b7b86a9",
    "https://deno.land/x/upstash_redis@v1.3.2/pkg/commands/zrevrank.ts": "b350c1b8a318cb149ed4b035a284695fcbd51f571e2ff413194e6684b538a522",
    "https://deno.land/x/upstash_redis@v1.3.2/pkg/commands/zscan.ts": "8d833969ddc33ee53b3e22ddd28cdd62d9ac523abfbf3a83262b5d73412d16e5",
    "https://deno.land/x/upstash_redis@v1.3.2/pkg/commands/zscore.ts": "e0f1bbc853aa31affa52cd0029a994218a87f3ffa652ee036c39205fd7110636",
    "https://deno.land/x/upstash_redis@v1.3.2/pkg/commands/zunionstore.ts": "3390a22c5fc9445418adf17aaa8e8c9ce7372c2f5ef795187740e8bc9122f7dc",
    "https://deno.land/x/upstash_redis@v1.3.2/pkg/error.ts": "17c357eab8dca7700286355581e395d64f454bd5c478444f12be273d8a3e5ffe",
    "https://deno.land/x/upstash_redis@v1.3.2/pkg/http.ts": "1a825793f663b9ac380ae65172e4843811992c91772954e2cb40c0c53bf3dfdd",
    "https://deno.land/x/upstash_redis@v1.3.2/pkg/pipeline.ts": "3e3841b7b5e0b4889b7d9a3822cea02e4ed8cf4eae60109f2f21995130d4d09f",
    "https://deno.land/x/upstash_redis@v1.3.2/pkg/redis.ts": "9adcdd31573423021447ede17c21bd9a3d2341bda03639be3d080e5eaf8fba30",
    "https://deno.land/x/upstash_redis@v1.3.2/pkg/types.ts": "14575a0e03f599972e8dfe2aa1a23e8c5d317a84d4093ddd351ccecd4dc50bf4",
    "https://deno.land/x/upstash_redis@v1.3.2/pkg/util.ts": "bda4f5eb90ff82d2443ec8908a376079a44af328ee64390d2e5ee7687a171556"
  }
}
